
Microsoft Visual Studio Solution File, Format Version 12.00
# Visual Studio Version 16
VisualStudioVersion = 16.0.31624.102
MinimumVisualStudioVersion = 10.0.40219.1
Project("{FAE04EC0-301F-11D3-BF4B-00C04F79EFBC}") = "ListaDeExercicios02", "ListaDeExercicios02\ListaDeExercicios02.csproj", "{BA134FD8-4F7D-4394-9C94-9D2686E912C0}"
EndProject
Global
	GlobalSection(SolutionConfigurationPlatforms) = preSolution
		Debug|Any CPU = Debug|Any CPU
		Release|Any CPU = Release|Any CPU
	EndGlobalSection
	GlobalSection(ProjectConfigurationPlatforms) = postSolution
		{BA134FD8-4F7D-4394-9C94-9D2686E912C0}.Debug|Any CPU.ActiveCfg = Debug|Any CPU
		{BA134FD8-4F7D-4394-9C94-9D2686E912C0}.Debug|Any CPU.Build.0 = Debug|Any CPU
		{BA134FD8-4F7D-4394-9C94-9D2686E912C0}.Release|Any CPU.ActiveCfg = Release|Any CPU
		{BA134FD8-4F7D-4394-9C94-9D2686E912C0}.Release|Any CPU.Build.0 = Release|Any CPU
	EndGlobalSection
	GlobalSection(SolutionProperties) = preSolution
		HideSolutionNode = FALSE
	EndGlobalSection
	GlobalSection(ExtensibilityGlobals) = postSolution
		SolutionGuid = {96AA0175-27FC-49FA-9277-8716D4825473}
	EndGlobalSection
EndGlobal
